
Microsoft Visual Studio Solution File, Format Version 12.00
# Visual Studio Version 17
VisualStudioVersion = 17.4.33103.184
MinimumVisualStudioVersion = 10.0.40219.1
Project("{FAE04EC0-301F-11D3-BF4B-00C04F79EFBC}") = "OdevOrnekler", "OdevOrnekler\OdevOrnekler.csproj", "{0BE984DF-36EA-4272-8B18-514BAA961D5D}"
EndProject
Global
	GlobalSection(SolutionConfigurationPlatforms) = preSolution
		Debug|Any CPU = Debug|Any CPU
		Release|Any CPU = Release|Any CPU
	EndGlobalSection
	GlobalSection(ProjectConfigurationPlatforms) = postSolution
		{0BE984DF-36EA-4272-8B18-514BAA961D5D}.Debug|Any CPU.ActiveCfg = Debug|Any CPU
		{0BE984DF-36EA-4272-8B18-514BAA961D5D}.Debug|Any CPU.Build.0 = Debug|Any CPU
		{0BE984DF-36EA-4272-8B18-514BAA961D5D}.Release|Any CPU.ActiveCfg = Release|Any CPU
		{0BE984DF-36EA-4272-8B18-514BAA961D5D}.Release|Any CPU.Build.0 = Release|Any CPU
	EndGlobalSection
	GlobalSection(SolutionProperties) = preSolution
		HideSolutionNode = FALSE
	EndGlobalSection
	GlobalSection(ExtensibilityGlobals) = postSolution
		SolutionGuid = {99E8C4F6-1498-4188-9A96-165D53D432F2}
	EndGlobalSection
EndGlobal
